// !$*UTF8*$!
{
	archiveVersion = 1;
	classes = {
	};
	objectVersion = 77;
	objects = {

/* Begin PBXFileReference section */
		7F84EEED2F652CC30004E886 /* Whispr.app */ = {isa = PBXFileReference; explicitFileType = wrapper.application; includeInIndex = 0; path = Whispr.app; sourceTree = BUILT_PRODUCTS_DIR; };
/* End PBXFileReference section */

/* Begin PBXFileSystemSynchronizedBuildFileExceptionSet section */
		0E7E48EA2F89BAC200C3D02E /* Exceptions for "Whispr" folder in "Whispr" target */ = {
			isa = PBXFileSystemSynchronizedBuildFileExceptionSet;
			membershipExceptions = (
				Assets.xcassets,
				backend/_internal/base_library.zip,
				"backend/_internal/click-8.3.2.dist-info/INSTALLER",
				"backend/_internal/click-8.3.2.dist-info/licenses/LICENSE.txt",
				"backend/_internal/click-8.3.2.dist-info/METADATA",
				"backend/_internal/click-8.3.2.dist-info/RECORD",
				"backend/_internal/click-8.3.2.dist-info/WHEEL",
				"backend/_internal/flask-3.1.3.dist-info/entry_points.txt",
				"backend/_internal/flask-3.1.3.dist-info/INSTALLER",
				"backend/_internal/flask-3.1.3.dist-info/licenses/LICENSE.txt",
				"backend/_internal/flask-3.1.3.dist-info/METADATA",
				"backend/_internal/flask-3.1.3.dist-info/RECORD",
				"backend/_internal/flask-3.1.3.dist-info/REQUESTED",
				"backend/_internal/flask-3.1.3.dist-info/WHEEL",
				"backend/_internal/itsdangerous-2.2.0.dist-info/INSTALLER",
				"backend/_internal/itsdangerous-2.2.0.dist-info/LICENSE.txt",
				"backend/_internal/itsdangerous-2.2.0.dist-info/METADATA",
				"backend/_internal/itsdangerous-2.2.0.dist-info/RECORD",
				"backend/_internal/itsdangerous-2.2.0.dist-info/WHEEL",
				backend/_internal/libcrypto.1.1.dylib,
				backend/_internal/libncursesw.5.dylib,
				backend/_internal/libssl.1.1.dylib,
				"backend/_internal/markupsafe-3.0.3.dist-info/INSTALLER",
				"backend/_internal/markupsafe-3.0.3.dist-info/licenses/LICENSE.txt",
				"backend/_internal/markupsafe-3.0.3.dist-info/METADATA",
				"backend/_internal/markupsafe-3.0.3.dist-info/RECORD",
				"backend/_internal/markupsafe-3.0.3.dist-info/top_level.txt",
				"backend/_internal/markupsafe-3.0.3.dist-info/WHEEL",
				"backend/_internal/markupsafe/_speedups.cpython-310-darwin.so",
				backend/_internal/Python,
				backend/_internal/Python.framework,
				"backend/_internal/python3.10/lib-dynload/_asyncio.cpython-310-darwin.so",
				"backend/_internal/python3.10/lib-dynload/_bisect.cpython-310-darwin.so",
				"backend/_internal/python3.10/lib-dynload/_blake2.cpython-310-darwin.so",
				"backend/_internal/python3.10/lib-dynload/_bz2.cpython-310-darwin.so",
				"backend/_internal/python3.10/lib-dynload/_codecs_cn.cpython-310-darwin.so",
				"backend/_internal/python3.10/lib-dynload/_codecs_hk.cpython-310-darwin.so",
				"backend/_internal/python3.10/lib-dynload/_codecs_iso2022.cpython-310-darwin.so",
				"backend/_internal/python3.10/lib-dynload/_codecs_jp.cpython-310-darwin.so",
				"backend/_internal/python3.10/lib-dynload/_codecs_kr.cpython-310-darwin.so",
				"backend/_internal/python3.10/lib-dynload/_codecs_tw.cpython-310-darwin.so",
				"backend/_internal/python3.10/lib-dynload/_contextvars.cpython-310-darwin.so",
				"backend/_internal/python3.10/lib-dynload/_csv.cpython-310-darwin.so",
				"backend/_internal/python3.10/lib-dynload/_ctypes.cpython-310-darwin.so",
				"backend/_internal/python3.10/lib-dynload/_datetime.cpython-310-darwin.so",
				"backend/_internal/python3.10/lib-dynload/_decimal.cpython-310-darwin.so",
				"backend/_internal/python3.10/lib-dynload/_hashlib.cpython-310-darwin.so",
				"backend/_internal/python3.10/lib-dynload/_heapq.cpython-310-darwin.so",
				"backend/_internal/python3.10/lib-dynload/_json.cpython-310-darwin.so",
				"backend/_internal/python3.10/lib-dynload/_lzma.cpython-310-darwin.so",
				"backend/_internal/python3.10/lib-dynload/_md5.cpython-310-darwin.so",
				"backend/_internal/python3.10/lib-dynload/_multibytecodec.cpython-310-darwin.so",
				"backend/_internal/python3.10/lib-dynload/_multiprocessing.cpython-310-darwin.so",
				"backend/_internal/python3.10/lib-dynload/_opcode.cpython-310-darwin.so",
				"backend/_internal/python3.10/lib-dynload/_pickle.cpython-310-darwin.so",
				"backend/_internal/python3.10/lib-dynload/_posixshmem.cpython-310-darwin.so",
				"backend/_internal/python3.10/lib-dynload/_posixsubprocess.cpython-310-darwin.so",
				"backend/_internal/python3.10/lib-dynload/_queue.cpython-310-darwin.so",
				"backend/_internal/python3.10/lib-dynload/_random.cpython-310-darwin.so",
				"backend/_internal/python3.10/lib-dynload/_scproxy.cpython-310-darwin.so",
				"backend/_internal/python3.10/lib-dynload/_sha1.cpython-310-darwin.so",
				"backend/_internal/python3.10/lib-dynload/_sha3.cpython-310-darwin.so",
				"backend/_internal/python3.10/lib-dynload/_sha256.cpython-310-darwin.so",
				"backend/_internal/python3.10/lib-dynload/_sha512.cpython-310-darwin.so",
				"backend/_internal/python3.10/lib-dynload/_socket.cpython-310-darwin.so",
				"backend/_internal/python3.10/lib-dynload/_ssl.cpython-310-darwin.so",
				"backend/_internal/python3.10/lib-dynload/_statistics.cpython-310-darwin.so",
				"backend/_internal/python3.10/lib-dynload/_struct.cpython-310-darwin.so",
				"backend/_internal/python3.10/lib-dynload/_uuid.cpython-310-darwin.so",
				"backend/_internal/python3.10/lib-dynload/array.cpython-310-darwin.so",
				"backend/_internal/python3.10/lib-dynload/binascii.cpython-310-darwin.so",
				"backend/_internal/python3.10/lib-dynload/fcntl.cpython-310-darwin.so",
				"backend/_internal/python3.10/lib-dynload/grp.cpython-310-darwin.so",
				"backend/_internal/python3.10/lib-dynload/math.cpython-310-darwin.so",
				"backend/_internal/python3.10/lib-dynload/mmap.cpython-310-darwin.so",
				"backend/_internal/python3.10/lib-dynload/pyexpat.cpython-310-darwin.so",
				"backend/_internal/python3.10/lib-dynload/readline.cpython-310-darwin.so",
				"backend/_internal/python3.10/lib-dynload/resource.cpython-310-darwin.so",
				"backend/_internal/python3.10/lib-dynload/select.cpython-310-darwin.so",
				"backend/_internal/python3.10/lib-dynload/termios.cpython-310-darwin.so",
				"backend/_internal/python3.10/lib-dynload/unicodedata.cpython-310-darwin.so",
				"backend/_internal/python3.10/lib-dynload/zlib.cpython-310-darwin.so",
				"backend/_internal/werkzeug-3.1.8.dist-info/INSTALLER",
				"backend/_internal/werkzeug-3.1.8.dist-info/licenses/LICENSE.txt",
				"backend/_internal/werkzeug-3.1.8.dist-info/METADATA",
				"backend/_internal/werkzeug-3.1.8.dist-info/RECORD",
				"backend/_internal/werkzeug-3.1.8.dist-info/WHEEL",
				backend/backend,
				Info.plist,
				libcrypto.1.1.dylib,
				libssl.1.1.dylib,
			);
			target = 7F84EEEC2F652CC30004E886 /* Whispr */;
		};
/* End PBXFileSystemSynchronizedBuildFileExceptionSet section */

/* Begin PBXFileSystemSynchronizedRootGroup section */
		7F84EEEF2F652CC30004E886 /* Whispr */ = {
			isa = PBXFileSystemSynchronizedRootGroup;
			exceptions = (
				0E7E48EA2F89BAC200C3D02E /* Exceptions for "Whispr" folder in "Whispr" target */,
			);
			path = Whispr;
			sourceTree = "<group>";
		};
/* End PBXFileSystemSynchronizedRootGroup section */

/* Begin PBXFrameworksBuildPhase section */
		7F84EEEA2F652CC30004E886 /* Frameworks */ = {
			isa = PBXFrameworksBuildPhase;
			buildActionMask = 2147483647;
			files = (
			);
			runOnlyForDeploymentPostprocessing = 0;
		};
/* End PBXFrameworksBuildPhase section */

/* Begin PBXGroup section */
		7F84EEE42F652CC30004E886 = {
			isa = PBXGroup;
			children = (
				7F84EEEE2F652CC30004E886 /* Products */,
				7F84EEEF2F652CC30004E886 /* Whispr */,
			);
			sourceTree = "<group>";
		};
		7F84EEEE2F652CC30004E886 /* Products */ = {
			isa = PBXGroup;
			children = (
				7F84EEED2F652CC30004E886 /* Whispr.app */,
			);
			name = Products;
			sourceTree = "<group>";
		};
/* End PBXGroup section */

/* Begin PBXNativeTarget section */
		7F84EEEC2F652CC30004E886 /* Whispr */ = {
			isa = PBXNativeTarget;
			buildConfigurationList = 7F84EEF82F652CC40004E886 /* Build configuration list for PBXNativeTarget "Whispr" */;
			buildPhases = (
				7F84EEE92F652CC30004E886 /* Sources */,
				7F84EEEA2F652CC30004E886 /* Frameworks */,
				7F84EEEB2F652CC30004E886 /* Resources */,
				0E5CDAD52F703DF900D2F0B2 /* ShellScript */,
			);
			buildRules = (
			);
			dependencies = (
			);
			fileSystemSynchronizedGroups = (
				7F84EEEF2F652CC30004E886 /* Whispr */,
			);
			name = Whispr;
			packageProductDependencies = (
			);
			productName = Whispr;
			productReference = 7F84EEED2F652CC30004E886 /* Whispr.app */;
			productType = "com.apple.product-type.application";
		};
/* End PBXNativeTarget section */

/* Begin PBXProject section */
		7F84EEE52F652CC30004E886 /* Project object */ = {
			isa = PBXProject;
			attributes = {
				BuildIndependentTargetsInParallel = 1;
				LastSwiftUpdateCheck = 2630;
				LastUpgradeCheck = 2630;
				TargetAttributes = {
					7F84EEEC2F652CC30004E886 = {
						CreatedOnToolsVersion = 26.3;
					};
				};
			};
			buildConfigurationList = 7F84EEE82F652CC30004E886 /* Build configuration list for PBXProject "Whispr" */;
			developmentRegion = en;
			hasScannedForEncodings = 0;
			knownRegions = (
				en,
				Base,
			);
			mainGroup = 7F84EEE42F652CC30004E886;
			minimizedProjectReferenceProxies = 1;
			preferredProjectObjectVersion = 77;
			productRefGroup = 7F84EEEE2F652CC30004E886 /* Products */;
			projectDirPath = "";
			projectRoot = "";
			targets = (
				7F84EEEC2F652CC30004E886 /* Whispr */,
			);
		};
/* End PBXProject section */

/* Begin PBXResourcesBuildPhase section */
		7F84EEEB2F652CC30004E886 /* Resources */ = {
			isa = PBXResourcesBuildPhase;
			buildActionMask = 2147483647;
			files = (
			);
			runOnlyForDeploymentPostprocessing = 0;
		};
/* End PBXResourcesBuildPhase section */

/* Begin PBXShellScriptBuildPhase section */
		0E5CDAD52F703DF900D2F0B2 /* ShellScript */ = {
			isa = PBXShellScriptBuildPhase;
			alwaysOutOfDate = 1;
			buildActionMask = 2147483647;
			files = (
			);
			inputFileListPaths = (
			);
			inputPaths = (
			);
			outputFileListPaths = (
			);
			outputPaths = (
			);
			runOnlyForDeploymentPostprocessing = 0;
			shellPath = /bin/sh;
			shellScript = "set -e\necho \"SRCROOT = ${SRCROOT}\"\necho \"Backend src = ${SRCROOT}/Whispr/backend\"\n\nBACKEND_SRC=\"${SRCROOT}/Whispr/backend\"\nBACKEND_DST=\"${BUILT_PRODUCTS_DIR}/${CONTENTS_FOLDER_PATH}/Resources/backend\"\nFRAMEWORKS_DST=\"${BUILT_PRODUCTS_DIR}/${CONTENTS_FOLDER_PATH}/Frameworks\"\n\n# Copy backend binary + _internal\nmkdir -p \"${BUILT_PRODUCTS_DIR}/${CONTENTS_FOLDER_PATH}/Resources\"\nrm -rf \"$BACKEND_DST\"\ncp -R \"$BACKEND_SRC\" \"$BACKEND_DST\"\n\n# Copy required dylibs\nmkdir -p \"$FRAMEWORKS_DST\"\nPYTHON_LIB=\"/Library/Frameworks/Python.framework/Versions/3.10/lib\"\nfor lib in libssl.1.1.dylib libcrypto.1.1.dylib libncursesw.5.dylib; do\n    if [ -f \"${PYTHON_LIB}/${lib}\" ]; then\n        cp \"${PYTHON_LIB}/${lib}\" \"$FRAMEWORKS_DST/\"\n        echo \"Copied ${lib}\"\n    fi\ndone\n\necho \"Backend copied successfully\"\n";
		};
/* End PBXShellScriptBuildPhase section */

/* Begin PBXSourcesBuildPhase section */
		7F84EEE92F652CC30004E886 /* Sources */ = {
			isa = PBXSourcesBuildPhase;
			buildActionMask = 2147483647;
			files = (
			);
			runOnlyForDeploymentPostprocessing = 0;
		};
/* End PBXSourcesBuildPhase section */

/* Begin XCBuildConfiguration section */
		7F84EEF62F652CC40004E886 /* Debug */ = {
			isa = XCBuildConfiguration;
			buildSettings = {
				ALWAYS_SEARCH_USER_PATHS = NO;
				ASSETCATALOG_COMPILER_GENERATE_SWIFT_ASSET_SYMBOL_EXTENSIONS = YES;
				CLANG_ANALYZER_NONNULL = YES;
				CLANG_ANALYZER_NUMBER_OBJECT_CONVERSION = YES_AGGRESSIVE;
				CLANG_CXX_LANGUAGE_STANDARD = "gnu++20";
				CLANG_ENABLE_MODULES = YES;
				CLANG_ENABLE_OBJC_ARC = YES;
				CLANG_ENABLE_OBJC_WEAK = YES;
				CLANG_WARN_BLOCK_CAPTURE_AUTORELEASING = YES;
				CLANG_WARN_BOOL_CONVERSION = YES;
				CLANG_WARN_COMMA = YES;
				CLANG_WARN_CONSTANT_CONVERSION = YES;
				CLANG_WARN_DEPRECATED_OBJC_IMPLEMENTATIONS = YES;
				CLANG_WARN_DIRECT_OBJC_ISA_USAGE = YES_ERROR;
				CLANG_WARN_DOCUMENTATION_COMMENTS = YES;
				CLANG_WARN_EMPTY_BODY = YES;
				CLANG_WARN_ENUM_CONVERSION = YES;
				CLANG_WARN_INFINITE_RECURSION = YES;
				CLANG_WARN_INT_CONVERSION = YES;
				CLANG_WARN_NON_LITERAL_NULL_CONVERSION = YES;
				CLANG_WARN_OBJC_IMPLICIT_RETAIN_SELF = YES;
				CLANG_WARN_OBJC_LITERAL_CONVERSION = YES;
				CLANG_WARN_OBJC_ROOT_CLASS = YES_ERROR;
				CLANG_WARN_QUOTED_INCLUDE_IN_FRAMEWORK_HEADER = YES;
				CLANG_WARN_RANGE_LOOP_ANALYSIS = YES;
				CLANG_WARN_STRICT_PROTOTYPES = YES;
				CLANG_WARN_SUSPICIOUS_MOVE = YES;
				CLANG_WARN_UNGUARDED_AVAILABILITY = YES_AGGRESSIVE;
				CLANG_WARN_UNREACHABLE_CODE = YES;
				CLANG_WARN__DUPLICATE_METHOD_MATCH = YES;
				COPY_PHASE_STRIP = NO;
				DEBUG_INFORMATION_FORMAT = dwarf;
				ENABLE_STRICT_OBJC_MSGSEND = YES;
				ENABLE_TESTABILITY = YES;
				ENABLE_USER_SCRIPT_SANDBOXING = NO;
				GCC_C_LANGUAGE_STANDARD = gnu17;
				GCC_DYNAMIC_NO_PIC = NO;
				GCC_NO_COMMON_BLOCKS = YES;
				GCC_OPTIMIZATION_LEVEL = 0;
				GCC_PREPROCESSOR_DEFINITIONS = (
					"DEBUG=1",
					"$(inherited)",
				);
				GCC_WARN_64_TO_32_BIT_CONVERSION = YES;
				GCC_WARN_ABOUT_RETURN_TYPE = YES_ERROR;
				GCC_WARN_UNDECLARED_SELECTOR = YES;
				GCC_WARN_UNINITIALIZED_AUTOS = YES_AGGRESSIVE;
				GCC_WARN_UNUSED_FUNCTION = YES;
				GCC_WARN_UNUSED_VARIABLE = YES;
				LOCALIZATION_PREFERS_STRING_CATALOGS = YES;
				MACOSX_DEPLOYMENT_TARGET = 26.2;
				MTL_ENABLE_DEBUG_INFO = INCLUDE_SOURCE;
				MTL_FAST_MATH = YES;
				ONLY_ACTIVE_ARCH = YES;
				SDKROOT = macosx;
				SWIFT_ACTIVE_COMPILATION_CONDITIONS = "DEBUG $(inherited)";
				SWIFT_OPTIMIZATION_LEVEL = "-Onone";
			};
			name = Debug;
		};
		7F84EEF72F652CC40004E886 /* Release */ = {
			isa = XCBuildConfiguration;
			buildSettings = {
				ALWAYS_SEARCH_USER_PATHS = NO;
				ASSETCATALOG_COMPILER_GENERATE_SWIFT_ASSET_SYMBOL_EXTENSIONS = YES;
				CLANG_ANALYZER_NONNULL = YES;
				CLANG_ANALYZER_NUMBER_OBJECT_CONVERSION = YES_AGGRESSIVE;
				CLANG_CXX_LANGUAGE_STANDARD = "gnu++20";
				CLANG_ENABLE_MODULES = YES;
				CLANG_ENABLE_OBJC_ARC = YES;
				CLANG_ENABLE_OBJC_WEAK = YES;
				CLANG_WARN_BLOCK_CAPTURE_AUTORELEASING = YES;
				CLANG_WARN_BOOL_CONVERSION = YES;
				CLANG_WARN_COMMA = YES;
				CLANG_WARN_CONSTANT_CONVERSION = YES;
				CLANG_WARN_DEPRECATED_OBJC_IMPLEMENTATIONS = YES;
				CLANG_WARN_DIRECT_OBJC_ISA_USAGE = YES_ERROR;
				CLANG_WARN_DOCUMENTATION_COMMENTS = YES;
				CLANG_WARN_EMPTY_BODY = YES;
				CLANG_WARN_ENUM_CONVERSION = YES;
				CLANG_WARN_INFINITE_RECURSION = YES;
				CLANG_WARN_INT_CONVERSION = YES;
				CLANG_WARN_NON_LITERAL_NULL_CONVERSION = YES;
				CLANG_WARN_OBJC_IMPLICIT_RETAIN_SELF = YES;
				CLANG_WARN_OBJC_LITERAL_CONVERSION = YES;
				CLANG_WARN_OBJC_ROOT_CLASS = YES_ERROR;
				CLANG_WARN_QUOTED_INCLUDE_IN_FRAMEWORK_HEADER = YES;
				CLANG_WARN_RANGE_LOOP_ANALYSIS = YES;
				CLANG_WARN_STRICT_PROTOTYPES = YES;
				CLANG_WARN_SUSPICIOUS_MOVE = YES;
				CLANG_WARN_UNGUARDED_AVAILABILITY = YES_AGGRESSIVE;
				CLANG_WARN_UNREACHABLE_CODE = YES;
				CLANG_WARN__DUPLICATE_METHOD_MATCH = YES;
				COPY_PHASE_STRIP = NO;
				DEBUG_INFORMATION_FORMAT = "dwarf-with-dsym";
				ENABLE_NS_ASSERTIONS = NO;
				ENABLE_STRICT_OBJC_MSGSEND = YES;
				ENABLE_USER_SCRIPT_SANDBOXING = NO;
				GCC_C_LANGUAGE_STANDARD = gnu17;
				GCC_NO_COMMON_BLOCKS = YES;
				GCC_WARN_64_TO_32_BIT_CONVERSION = YES;
				GCC_WARN_ABOUT_RETURN_TYPE = YES_ERROR;
				GCC_WARN_UNDECLARED_SELECTOR = YES;
				GCC_WARN_UNINITIALIZED_AUTOS = YES_AGGRESSIVE;
				GCC_WARN_UNUSED_FUNCTION = YES;
				GCC_WARN_UNUSED_VARIABLE = YES;
				LOCALIZATION_PREFERS_STRING_CATALOGS = YES;
				MACOSX_DEPLOYMENT_TARGET = 26.2;
				MTL_ENABLE_DEBUG_INFO = NO;
				MTL_FAST_MATH = YES;
				SDKROOT = macosx;
				SWIFT_COMPILATION_MODE = wholemodule;
			};
			name = Release;
		};
		7F84EEF92F652CC40004E886 /* Debug */ = {
			isa = XCBuildConfiguration;
			buildSettings = {
				ASSETCATALOG_COMPILER_APPICON_NAME = AppIcon;
				ASSETCATALOG_COMPILER_GLOBAL_ACCENT_COLOR_NAME = AccentColor;
				CODE_SIGN_STYLE = Automatic;
				COMBINE_HIDPI_IMAGES = YES;
				CURRENT_PROJECT_VERSION = 1;
				DEVELOPMENT_TEAM = 5PV78VC56A;
				ENABLE_APP_SANDBOX = NO;
				ENABLE_PREVIEWS = YES;
				FRAMEWORK_SEARCH_PATHS = (
					"$(inherited)",
					"$(PROJECT_DIR)/Whispr/backend/_internal",
				);
				GENERATE_INFOPLIST_FILE = YES;
				INFOPLIST_FILE = Whispr/Info.plist;
				INFOPLIST_KEY_LSUIElement = YES;
				INFOPLIST_KEY_NSHumanReadableCopyright = "";
				INFOPLIST_KEY_NSMicrophoneUsageDescription = "Whispr needs microphone access to record your speech and transcribe it locally.";
				LD_RUNPATH_SEARCH_PATHS = (
					"$(inherited)",
					"@executable_path/../Frameworks",
				);
				LIBRARY_SEARCH_PATHS = (
					"$(inherited)",
					"$(PROJECT_DIR)/Whispr",
					"$(PROJECT_DIR)/Whispr/backend/_internal",
				);
				MACOSX_DEPLOYMENT_TARGET = 15.6;
				MARKETING_VERSION = 1.0;
				PRODUCT_BUNDLE_IDENTIFIER = com.unsw.teamalmond18c.whispr;
				PRODUCT_NAME = "$(TARGET_NAME)";
				REGISTER_APP_GROUPS = YES;
				STRING_CATALOG_GENERATE_SYMBOLS = YES;
				SWIFT_APPROACHABLE_CONCURRENCY = YES;
				SWIFT_DEFAULT_ACTOR_ISOLATION = MainActor;
				SWIFT_EMIT_LOC_STRINGS = YES;
				SWIFT_UPCOMING_FEATURE_MEMBER_IMPORT_VISIBILITY = YES;
				SWIFT_VERSION = 5.0;
			};
			name = Debug;
		};
		7F84EEFA2F652CC40004E886 /* Release */ = {
			isa = XCBuildConfiguration;
			buildSettings = {
				ASSETCATALOG_COMPILER_APPICON_NAME = AppIcon;
				ASSETCATALOG_COMPILER_GLOBAL_ACCENT_COLOR_NAME = AccentColor;
				CODE_SIGN_STYLE = Automatic;
				COMBINE_HIDPI_IMAGES = YES;
				CURRENT_PROJECT_VERSION = 1;
				DEVELOPMENT_TEAM = 5PV78VC56A;
				ENABLE_APP_SANDBOX = NO;
				ENABLE_PREVIEWS = YES;
				FRAMEWORK_SEARCH_PATHS = (
					"$(inherited)",
					"$(PROJECT_DIR)/Whispr/backend/_internal",
				);
				GENERATE_INFOPLIST_FILE = YES;
				INFOPLIST_FILE = Whispr/Info.plist;
				INFOPLIST_KEY_LSUIElement = YES;
				INFOPLIST_KEY_NSHumanReadableCopyright = "";
				INFOPLIST_KEY_NSMicrophoneUsageDescription = "Whispr needs microphone access to record your speech and transcribe it locally.";
				LD_RUNPATH_SEARCH_PATHS = (
					"$(inherited)",
					"@executable_path/../Frameworks",
				);
				LIBRARY_SEARCH_PATHS = (
					"$(inherited)",
					"$(PROJECT_DIR)/Whispr",
					"$(PROJECT_DIR)/Whispr/backend/_internal",
				);
				MACOSX_DEPLOYMENT_TARGET = 15.6;
				MARKETING_VERSION = 1.0;
				PRODUCT_BUNDLE_IDENTIFIER = com.unsw.teamalmond18c.whispr;
				PRODUCT_NAME = "$(TARGET_NAME)";
				REGISTER_APP_GROUPS = YES;
				STRING_CATALOG_GENERATE_SYMBOLS = YES;
				SWIFT_APPROACHABLE_CONCURRENCY = YES;
				SWIFT_DEFAULT_ACTOR_ISOLATION = MainActor;
				SWIFT_EMIT_LOC_STRINGS = YES;
				SWIFT_UPCOMING_FEATURE_MEMBER_IMPORT_VISIBILITY = YES;
				SWIFT_VERSION = 5.0;
			};
			name = Release;
		};
/* End XCBuildConfiguration section */

/* Begin XCConfigurationList section */
		7F84EEE82F652CC30004E886 /* Build configuration list for PBXProject "Whispr" */ = {
			isa = XCConfigurationList;
			buildConfigurations = (
				7F84EEF62F652CC40004E886 /* Debug */,
				7F84EEF72F652CC40004E886 /* Release */,
			);
			defaultConfigurationIsVisible = 0;
			defaultConfigurationName = Release;
		};
		7F84EEF82F652CC40004E886 /* Build configuration list for PBXNativeTarget "Whispr" */ = {
			isa = XCConfigurationList;
			buildConfigurations = (
				7F84EEF92F652CC40004E886 /* Debug */,
				7F84EEFA2F652CC40004E886 /* Release */,
			);
			defaultConfigurationIsVisible = 0;
			defaultConfigurationName = Release;
		};
/* End XCConfigurationList section */
	};
	rootObject = 7F84EEE52F652CC30004E886 /* Project object */;
}
